
Microsoft Visual Studio Solution File, Format Version 12.00
# Visual Studio Version 17
VisualStudioVersion = 17.5.33530.505
MinimumVisualStudioVersion = 10.0.40219.1
Project("{9A19103F-16F7-4668-BE54-9A1E7A4F7556}") = "FileRenamer", "FileRenamer\FileRenamer.csproj", "{35F10AF1-9A52-4474-9C57-EEFB26217DE1}"
EndProject
Project("{2150E333-8FDC-42A3-9474-1A3956D46DE8}") = "Description", "Description", "{24C140DE-963F-4934-8AF9-F1D93AD7CC4E}"
	ProjectSection(SolutionItems) = preProject
		Description\RawApplicationDescription.md = Description\RawApplicationDescription.md
		Description\README_EN-US.md = Description\README_EN-US.md
		Description\README_ZH-CN.md = Description\README_ZH-CN.md
		Description\StudyReferenceCode.md = Description\StudyReferenceCode.md
	EndProjectSection
EndProject
Project("{2150E333-8FDC-42A3-9474-1A3956D46DE8}") = "解决方案项", "解决方案项", "{600A58B9-FBFC-440E-A78C-18DDB7B84865}"
	ProjectSection(SolutionItems) = preProject
		.editorconfig = .editorconfig
		.gitattributes = .gitattributes
		.gitignore = .gitignore
		Directory.Build.props = Directory.Build.props
		LICENSE = LICENSE
		README.md = README.md
	EndProjectSection
EndProject
Project("{8BC9CEB8-8B4A-11D0-8D11-00A0C91BC942}") = "FileRenamerShellExtension", "FileRenamerShellExtension\FileRenamerShellExtension.vcxproj", "{D030E8E9-83F4-41F6-84DA-9107A793B7F5}"
EndProject
Project("{C7167F0D-BC9F-4E6E-AFE1-012C56B48DB5}") = "FileRenamerPackage", "FileRenamerPackage\FileRenamerPackage.wapproj", "{67832EC5-E851-4B6F-A452-70CBEA98DE44}"
EndProject
Project("{8BC9CEB8-8B4A-11D0-8D11-00A0C91BC942}") = "FileRenamerWASDK", "FileRenamerWASDK\FileRenamerWASDK.vcxproj", "{C313971B-9510-4DB7-B25C-ED31701B94D9}"
EndProject
Global
	GlobalSection(SolutionConfigurationPlatforms) = preSolution
		Debug|ARM64 = Debug|ARM64
		Debug|x64 = Debug|x64
		Debug|x86 = Debug|x86
		Release|ARM64 = Release|ARM64
		Release|x64 = Release|x64
		Release|x86 = Release|x86
	EndGlobalSection
	GlobalSection(ProjectConfigurationPlatforms) = postSolution
		{35F10AF1-9A52-4474-9C57-EEFB26217DE1}.Debug|ARM64.ActiveCfg = Debug|ARM64
		{35F10AF1-9A52-4474-9C57-EEFB26217DE1}.Debug|ARM64.Build.0 = Debug|ARM64
		{35F10AF1-9A52-4474-9C57-EEFB26217DE1}.Debug|ARM64.Deploy.0 = Debug|ARM64
		{35F10AF1-9A52-4474-9C57-EEFB26217DE1}.Debug|x64.ActiveCfg = Debug|x64
		{35F10AF1-9A52-4474-9C57-EEFB26217DE1}.Debug|x64.Build.0 = Debug|x64
		{35F10AF1-9A52-4474-9C57-EEFB26217DE1}.Debug|x64.Deploy.0 = Debug|x64
		{35F10AF1-9A52-4474-9C57-EEFB26217DE1}.Debug|x86.ActiveCfg = Debug|x86
		{35F10AF1-9A52-4474-9C57-EEFB26217DE1}.Debug|x86.Build.0 = Debug|x86
		{35F10AF1-9A52-4474-9C57-EEFB26217DE1}.Debug|x86.Deploy.0 = Debug|x86
		{35F10AF1-9A52-4474-9C57-EEFB26217DE1}.Release|ARM64.ActiveCfg = Release|ARM64
		{35F10AF1-9A52-4474-9C57-EEFB26217DE1}.Release|ARM64.Build.0 = Release|ARM64
		{35F10AF1-9A52-4474-9C57-EEFB26217DE1}.Release|ARM64.Deploy.0 = Release|ARM64
		{35F10AF1-9A52-4474-9C57-EEFB26217DE1}.Release|x64.ActiveCfg = Release|x64
		{35F10AF1-9A52-4474-9C57-EEFB26217DE1}.Release|x64.Build.0 = Release|x64
		{35F10AF1-9A52-4474-9C57-EEFB26217DE1}.Release|x64.Deploy.0 = Release|x64
		{35F10AF1-9A52-4474-9C57-EEFB26217DE1}.Release|x86.ActiveCfg = Release|x86
		{35F10AF1-9A52-4474-9C57-EEFB26217DE1}.Release|x86.Build.0 = Release|x86
		{35F10AF1-9A52-4474-9C57-EEFB26217DE1}.Release|x86.Deploy.0 = Release|x86
		{D030E8E9-83F4-41F6-84DA-9107A793B7F5}.Debug|ARM64.ActiveCfg = Debug|ARM64
		{D030E8E9-83F4-41F6-84DA-9107A793B7F5}.Debug|ARM64.Build.0 = Debug|ARM64
		{D030E8E9-83F4-41F6-84DA-9107A793B7F5}.Debug|x64.ActiveCfg = Debug|x64
		{D030E8E9-83F4-41F6-84DA-9107A793B7F5}.Debug|x64.Build.0 = Debug|x64
		{D030E8E9-83F4-41F6-84DA-9107A793B7F5}.Debug|x86.ActiveCfg = Debug|Win32
		{D030E8E9-83F4-41F6-84DA-9107A793B7F5}.Debug|x86.Build.0 = Debug|Win32
		{D030E8E9-83F4-41F6-84DA-9107A793B7F5}.Release|ARM64.ActiveCfg = Release|ARM64
		{D030E8E9-83F4-41F6-84DA-9107A793B7F5}.Release|ARM64.Build.0 = Release|ARM64
		{D030E8E9-83F4-41F6-84DA-9107A793B7F5}.Release|x64.ActiveCfg = Release|x64
		{D030E8E9-83F4-41F6-84DA-9107A793B7F5}.Release|x64.Build.0 = Release|x64
		{D030E8E9-83F4-41F6-84DA-9107A793B7F5}.Release|x86.ActiveCfg = Release|Win32
		{D030E8E9-83F4-41F6-84DA-9107A793B7F5}.Release|x86.Build.0 = Release|Win32
		{67832EC5-E851-4B6F-A452-70CBEA98DE44}.Debug|ARM64.ActiveCfg = Debug|ARM64
		{67832EC5-E851-4B6F-A452-70CBEA98DE44}.Debug|ARM64.Build.0 = Debug|ARM64
		{67832EC5-E851-4B6F-A452-70CBEA98DE44}.Debug|ARM64.Deploy.0 = Debug|ARM64
		{67832EC5-E851-4B6F-A452-70CBEA98DE44}.Debug|x64.ActiveCfg = Debug|x64
		{67832EC5-E851-4B6F-A452-70CBEA98DE44}.Debug|x64.Build.0 = Debug|x64
		{67832EC5-E851-4B6F-A452-70CBEA98DE44}.Debug|x64.Deploy.0 = Debug|x64
		{67832EC5-E851-4B6F-A452-70CBEA98DE44}.Debug|x86.ActiveCfg = Debug|x86
		{67832EC5-E851-4B6F-A452-70CBEA98DE44}.Debug|x86.Build.0 = Debug|x86
		{67832EC5-E851-4B6F-A452-70CBEA98DE44}.Debug|x86.Deploy.0 = Debug|x86
		{67832EC5-E851-4B6F-A452-70CBEA98DE44}.Release|ARM64.ActiveCfg = Release|ARM64
		{67832EC5-E851-4B6F-A452-70CBEA98DE44}.Release|ARM64.Build.0 = Release|ARM64
		{67832EC5-E851-4B6F-A452-70CBEA98DE44}.Release|ARM64.Deploy.0 = Release|ARM64
		{67832EC5-E851-4B6F-A452-70CBEA98DE44}.Release|x64.ActiveCfg = Release|x64
		{67832EC5-E851-4B6F-A452-70CBEA98DE44}.Release|x64.Build.0 = Release|x64
		{67832EC5-E851-4B6F-A452-70CBEA98DE44}.Release|x64.Deploy.0 = Release|x64
		{67832EC5-E851-4B6F-A452-70CBEA98DE44}.Release|x86.ActiveCfg = Release|x86
		{67832EC5-E851-4B6F-A452-70CBEA98DE44}.Release|x86.Build.0 = Release|x86
		{67832EC5-E851-4B6F-A452-70CBEA98DE44}.Release|x86.Deploy.0 = Release|x86
		{C313971B-9510-4DB7-B25C-ED31701B94D9}.Debug|ARM64.ActiveCfg = Debug|x64
		{C313971B-9510-4DB7-B25C-ED31701B94D9}.Debug|ARM64.Build.0 = Debug|x64
		{C313971B-9510-4DB7-B25C-ED31701B94D9}.Debug|x64.ActiveCfg = Debug|x64
		{C313971B-9510-4DB7-B25C-ED31701B94D9}.Debug|x64.Build.0 = Debug|x64
		{C313971B-9510-4DB7-B25C-ED31701B94D9}.Debug|x86.ActiveCfg = Debug|Win32
		{C313971B-9510-4DB7-B25C-ED31701B94D9}.Debug|x86.Build.0 = Debug|Win32
		{C313971B-9510-4DB7-B25C-ED31701B94D9}.Release|ARM64.ActiveCfg = Release|x64
		{C313971B-9510-4DB7-B25C-ED31701B94D9}.Release|ARM64.Build.0 = Release|x64
		{C313971B-9510-4DB7-B25C-ED31701B94D9}.Release|x64.ActiveCfg = Release|x64
		{C313971B-9510-4DB7-B25C-ED31701B94D9}.Release|x64.Build.0 = Release|x64
		{C313971B-9510-4DB7-B25C-ED31701B94D9}.Release|x86.ActiveCfg = Release|Win32
		{C313971B-9510-4DB7-B25C-ED31701B94D9}.Release|x86.Build.0 = Release|Win32
	EndGlobalSection
	GlobalSection(SolutionProperties) = preSolution
		HideSolutionNode = FALSE
	EndGlobalSection
	GlobalSection(ExtensibilityGlobals) = postSolution
		SolutionGuid = {3261498A-3B1B-4DD1-A188-5623FEF64115}
	EndGlobalSection
EndGlobal
