
Microsoft Visual Studio Solution File, Format Version 12.00
# Visual Studio Version 17
VisualStudioVersion = 17.5.33516.290
MinimumVisualStudioVersion = 10.0.40219.1
Project("{8BC9CEB8-8B4A-11D0-8D11-00A0C91BC942}") = "FileRenamer", "FileRenamer\FileRenamer.vcxproj", "{5ECEB7DB-4E6C-400A-AB42-D83EDD6D004B}"
EndProject
Project("{C7167F0D-BC9F-4E6E-AFE1-012C56B48DB5}") = "FileRenamerPackage", "FileRenamerPackage\FileRenamerPackage.wapproj", "{6CF36DA3-43BE-4288-8CAD-24D9AAD4DBDE}"
EndProject
Project("{2150E333-8FDC-42A3-9474-1A3956D46DE8}") = "Description", "Description", "{6BF4CBEA-3EA1-4288-AAB7-DFA09C1F3595}"
	ProjectSection(SolutionItems) = preProject
		..\GetStoreApp\Description\StudyReferenceCode.md = ..\GetStoreApp\Description\StudyReferenceCode.md
	EndProjectSection
EndProject
Global
	GlobalSection(SolutionConfigurationPlatforms) = preSolution
		Debug|ARM64 = Debug|ARM64
		Debug|x64 = Debug|x64
		Debug|x86 = Debug|x86
		Release|ARM64 = Release|ARM64
		Release|x64 = Release|x64
		Release|x86 = Release|x86
	EndGlobalSection
	GlobalSection(ProjectConfigurationPlatforms) = postSolution
		{5ECEB7DB-4E6C-400A-AB42-D83EDD6D004B}.Debug|ARM64.ActiveCfg = Debug|ARM64
		{5ECEB7DB-4E6C-400A-AB42-D83EDD6D004B}.Debug|ARM64.Build.0 = Debug|ARM64
		{5ECEB7DB-4E6C-400A-AB42-D83EDD6D004B}.Debug|ARM64.Deploy.0 = Debug|ARM64
		{5ECEB7DB-4E6C-400A-AB42-D83EDD6D004B}.Debug|x64.ActiveCfg = Debug|x64
		{5ECEB7DB-4E6C-400A-AB42-D83EDD6D004B}.Debug|x64.Build.0 = Debug|x64
		{5ECEB7DB-4E6C-400A-AB42-D83EDD6D004B}.Debug|x64.Deploy.0 = Debug|x64
		{5ECEB7DB-4E6C-400A-AB42-D83EDD6D004B}.Debug|x86.ActiveCfg = Debug|Win32
		{5ECEB7DB-4E6C-400A-AB42-D83EDD6D004B}.Debug|x86.Build.0 = Debug|Win32
		{5ECEB7DB-4E6C-400A-AB42-D83EDD6D004B}.Debug|x86.Deploy.0 = Debug|Win32
		{5ECEB7DB-4E6C-400A-AB42-D83EDD6D004B}.Release|ARM64.ActiveCfg = Release|ARM64
		{5ECEB7DB-4E6C-400A-AB42-D83EDD6D004B}.Release|ARM64.Build.0 = Release|ARM64
		{5ECEB7DB-4E6C-400A-AB42-D83EDD6D004B}.Release|ARM64.Deploy.0 = Release|ARM64
		{5ECEB7DB-4E6C-400A-AB42-D83EDD6D004B}.Release|x64.ActiveCfg = Release|x64
		{5ECEB7DB-4E6C-400A-AB42-D83EDD6D004B}.Release|x64.Build.0 = Release|x64
		{5ECEB7DB-4E6C-400A-AB42-D83EDD6D004B}.Release|x64.Deploy.0 = Release|x64
		{5ECEB7DB-4E6C-400A-AB42-D83EDD6D004B}.Release|x86.ActiveCfg = Release|Win32
		{5ECEB7DB-4E6C-400A-AB42-D83EDD6D004B}.Release|x86.Build.0 = Release|Win32
		{5ECEB7DB-4E6C-400A-AB42-D83EDD6D004B}.Release|x86.Deploy.0 = Release|Win32
		{6CF36DA3-43BE-4288-8CAD-24D9AAD4DBDE}.Debug|ARM64.ActiveCfg = Debug|ARM64
		{6CF36DA3-43BE-4288-8CAD-24D9AAD4DBDE}.Debug|ARM64.Build.0 = Debug|ARM64
		{6CF36DA3-43BE-4288-8CAD-24D9AAD4DBDE}.Debug|ARM64.Deploy.0 = Debug|ARM64
		{6CF36DA3-43BE-4288-8CAD-24D9AAD4DBDE}.Debug|x64.ActiveCfg = Debug|x64
		{6CF36DA3-43BE-4288-8CAD-24D9AAD4DBDE}.Debug|x64.Build.0 = Debug|x64
		{6CF36DA3-43BE-4288-8CAD-24D9AAD4DBDE}.Debug|x64.Deploy.0 = Debug|x64
		{6CF36DA3-43BE-4288-8CAD-24D9AAD4DBDE}.Debug|x86.ActiveCfg = Debug|x86
		{6CF36DA3-43BE-4288-8CAD-24D9AAD4DBDE}.Debug|x86.Build.0 = Debug|x86
		{6CF36DA3-43BE-4288-8CAD-24D9AAD4DBDE}.Debug|x86.Deploy.0 = Debug|x86
		{6CF36DA3-43BE-4288-8CAD-24D9AAD4DBDE}.Release|ARM64.ActiveCfg = Release|ARM64
		{6CF36DA3-43BE-4288-8CAD-24D9AAD4DBDE}.Release|ARM64.Build.0 = Release|ARM64
		{6CF36DA3-43BE-4288-8CAD-24D9AAD4DBDE}.Release|ARM64.Deploy.0 = Release|ARM64
		{6CF36DA3-43BE-4288-8CAD-24D9AAD4DBDE}.Release|x64.ActiveCfg = Release|x64
		{6CF36DA3-43BE-4288-8CAD-24D9AAD4DBDE}.Release|x64.Build.0 = Release|x64
		{6CF36DA3-43BE-4288-8CAD-24D9AAD4DBDE}.Release|x64.Deploy.0 = Release|x64
		{6CF36DA3-43BE-4288-8CAD-24D9AAD4DBDE}.Release|x86.ActiveCfg = Release|x86
		{6CF36DA3-43BE-4288-8CAD-24D9AAD4DBDE}.Release|x86.Build.0 = Release|x86
		{6CF36DA3-43BE-4288-8CAD-24D9AAD4DBDE}.Release|x86.Deploy.0 = Release|x86
	EndGlobalSection
	GlobalSection(SolutionProperties) = preSolution
		HideSolutionNode = FALSE
	EndGlobalSection
	GlobalSection(ExtensibilityGlobals) = postSolution
		SolutionGuid = {C452063C-C91B-4A7D-B03F-9EFCC7941D54}
	EndGlobalSection
EndGlobal
