
Microsoft Visual Studio Solution File, Format Version 12.00
# Visual Studio Version 17
VisualStudioVersion = 17.14.36221.1
MinimumVisualStudioVersion = 10.0.40219.1
Project("{2150E333-8FDC-42A3-9474-1A3956D46DE8}") = "Description", "Description", "{24C140DE-963F-4934-8AF9-F1D93AD7CC4E}"
	ProjectSection(SolutionItems) = preProject
		Description\RawApplicationDescription.md = Description\RawApplicationDescription.md
		Description\README_EN-US.md = Description\README_EN-US.md
		Description\README_ZH-CN.md = Description\README_ZH-CN.md
		Description\StudyReferenceCode.md = Description\StudyReferenceCode.md
	EndProjectSection
EndProject
Project("{2150E333-8FDC-42A3-9474-1A3956D46DE8}") = "解决方案项", "解决方案项", "{600A58B9-FBFC-440E-A78C-18DDB7B84865}"
	ProjectSection(SolutionItems) = preProject
		.editorconfig = .editorconfig
		.gitattributes = .gitattributes
		.gitignore = .gitignore
		Directory.Build.props = Directory.Build.props
		LICENSE = LICENSE
		README.md = README.md
	EndProjectSection
EndProject
Project("{FAE04EC0-301F-11D3-BF4B-00C04F79EFBC}") = "PowerToolbox", "PowerToolbox\PowerToolbox.csproj", "{97F0FCA2-3E69-44A0-A26A-57247E9CEB69}"
EndProject
Project("{FAE04EC0-301F-11D3-BF4B-00C04F79EFBC}") = "ThemeSwitch", "ThemeSwitch\ThemeSwitch.csproj", "{49DE4085-4383-D952-4D5A-BFBCCB19C97A}"
EndProject
Project("{FAE04EC0-301F-11D3-BF4B-00C04F79EFBC}") = "PowerToolboxShellExtension", "PowerToolboxShellExtension\PowerToolboxShellExtension.csproj", "{BC78D6BF-08FD-41A0-B0B7-9F64E26ED033}"
EndProject
Project("{C7167F0D-BC9F-4E6E-AFE1-012C56B48DB5}") = "PowerToolboxPackage", "PowerToolboxPackage\PowerToolboxPackage.wapproj", "{110925AD-08CA-4396-8AC4-D0262FC23AAA}"
EndProject
Global
	GlobalSection(SolutionConfigurationPlatforms) = preSolution
		Debug|ARM64 = Debug|ARM64
		Debug|x64 = Debug|x64
		Debug|x86 = Debug|x86
		Release|ARM64 = Release|ARM64
		Release|x64 = Release|x64
		Release|x86 = Release|x86
	EndGlobalSection
	GlobalSection(ProjectConfigurationPlatforms) = postSolution
		{97F0FCA2-3E69-44A0-A26A-57247E9CEB69}.Debug|ARM64.ActiveCfg = Debug|ARM64
		{97F0FCA2-3E69-44A0-A26A-57247E9CEB69}.Debug|ARM64.Build.0 = Debug|ARM64
		{97F0FCA2-3E69-44A0-A26A-57247E9CEB69}.Debug|x64.ActiveCfg = Debug|x64
		{97F0FCA2-3E69-44A0-A26A-57247E9CEB69}.Debug|x64.Build.0 = Debug|x64
		{97F0FCA2-3E69-44A0-A26A-57247E9CEB69}.Debug|x86.ActiveCfg = Debug|x86
		{97F0FCA2-3E69-44A0-A26A-57247E9CEB69}.Debug|x86.Build.0 = Debug|x86
		{97F0FCA2-3E69-44A0-A26A-57247E9CEB69}.Release|ARM64.ActiveCfg = Release|ARM64
		{97F0FCA2-3E69-44A0-A26A-57247E9CEB69}.Release|ARM64.Build.0 = Release|ARM64
		{97F0FCA2-3E69-44A0-A26A-57247E9CEB69}.Release|x64.ActiveCfg = Release|x64
		{97F0FCA2-3E69-44A0-A26A-57247E9CEB69}.Release|x64.Build.0 = Release|x64
		{97F0FCA2-3E69-44A0-A26A-57247E9CEB69}.Release|x86.ActiveCfg = Release|x86
		{97F0FCA2-3E69-44A0-A26A-57247E9CEB69}.Release|x86.Build.0 = Release|x86
		{49DE4085-4383-D952-4D5A-BFBCCB19C97A}.Debug|ARM64.ActiveCfg = Debug|ARM64
		{49DE4085-4383-D952-4D5A-BFBCCB19C97A}.Debug|ARM64.Build.0 = Debug|ARM64
		{49DE4085-4383-D952-4D5A-BFBCCB19C97A}.Debug|x64.ActiveCfg = Debug|x64
		{49DE4085-4383-D952-4D5A-BFBCCB19C97A}.Debug|x64.Build.0 = Debug|x64
		{49DE4085-4383-D952-4D5A-BFBCCB19C97A}.Debug|x86.ActiveCfg = Debug|x86
		{49DE4085-4383-D952-4D5A-BFBCCB19C97A}.Debug|x86.Build.0 = Debug|x86
		{49DE4085-4383-D952-4D5A-BFBCCB19C97A}.Release|ARM64.ActiveCfg = Release|ARM64
		{49DE4085-4383-D952-4D5A-BFBCCB19C97A}.Release|ARM64.Build.0 = Release|ARM64
		{49DE4085-4383-D952-4D5A-BFBCCB19C97A}.Release|x64.ActiveCfg = Release|x64
		{49DE4085-4383-D952-4D5A-BFBCCB19C97A}.Release|x64.Build.0 = Release|x64
		{49DE4085-4383-D952-4D5A-BFBCCB19C97A}.Release|x86.ActiveCfg = Release|x86
		{49DE4085-4383-D952-4D5A-BFBCCB19C97A}.Release|x86.Build.0 = Release|x86
		{BC78D6BF-08FD-41A0-B0B7-9F64E26ED033}.Debug|ARM64.ActiveCfg = Debug|ARM64
		{BC78D6BF-08FD-41A0-B0B7-9F64E26ED033}.Debug|ARM64.Build.0 = Debug|ARM64
		{BC78D6BF-08FD-41A0-B0B7-9F64E26ED033}.Debug|x64.ActiveCfg = Debug|x64
		{BC78D6BF-08FD-41A0-B0B7-9F64E26ED033}.Debug|x64.Build.0 = Debug|x64
		{BC78D6BF-08FD-41A0-B0B7-9F64E26ED033}.Debug|x86.ActiveCfg = Debug|x86
		{BC78D6BF-08FD-41A0-B0B7-9F64E26ED033}.Debug|x86.Build.0 = Debug|x86
		{BC78D6BF-08FD-41A0-B0B7-9F64E26ED033}.Release|ARM64.ActiveCfg = Release|ARM64
		{BC78D6BF-08FD-41A0-B0B7-9F64E26ED033}.Release|ARM64.Build.0 = Release|ARM64
		{BC78D6BF-08FD-41A0-B0B7-9F64E26ED033}.Release|x64.ActiveCfg = Release|x64
		{BC78D6BF-08FD-41A0-B0B7-9F64E26ED033}.Release|x64.Build.0 = Release|x64
		{BC78D6BF-08FD-41A0-B0B7-9F64E26ED033}.Release|x86.ActiveCfg = Release|x86
		{BC78D6BF-08FD-41A0-B0B7-9F64E26ED033}.Release|x86.Build.0 = Release|x86
		{110925AD-08CA-4396-8AC4-D0262FC23AAA}.Debug|ARM64.ActiveCfg = Debug|ARM64
		{110925AD-08CA-4396-8AC4-D0262FC23AAA}.Debug|ARM64.Build.0 = Debug|ARM64
		{110925AD-08CA-4396-8AC4-D0262FC23AAA}.Debug|ARM64.Deploy.0 = Debug|ARM64
		{110925AD-08CA-4396-8AC4-D0262FC23AAA}.Debug|x64.ActiveCfg = Debug|x64
		{110925AD-08CA-4396-8AC4-D0262FC23AAA}.Debug|x64.Build.0 = Debug|x64
		{110925AD-08CA-4396-8AC4-D0262FC23AAA}.Debug|x64.Deploy.0 = Debug|x64
		{110925AD-08CA-4396-8AC4-D0262FC23AAA}.Debug|x86.ActiveCfg = Debug|x86
		{110925AD-08CA-4396-8AC4-D0262FC23AAA}.Debug|x86.Build.0 = Debug|x86
		{110925AD-08CA-4396-8AC4-D0262FC23AAA}.Debug|x86.Deploy.0 = Debug|x86
		{110925AD-08CA-4396-8AC4-D0262FC23AAA}.Release|ARM64.ActiveCfg = Release|ARM64
		{110925AD-08CA-4396-8AC4-D0262FC23AAA}.Release|ARM64.Build.0 = Release|ARM64
		{110925AD-08CA-4396-8AC4-D0262FC23AAA}.Release|ARM64.Deploy.0 = Release|ARM64
		{110925AD-08CA-4396-8AC4-D0262FC23AAA}.Release|x64.ActiveCfg = Release|x64
		{110925AD-08CA-4396-8AC4-D0262FC23AAA}.Release|x64.Build.0 = Release|x64
		{110925AD-08CA-4396-8AC4-D0262FC23AAA}.Release|x64.Deploy.0 = Release|x64
		{110925AD-08CA-4396-8AC4-D0262FC23AAA}.Release|x86.ActiveCfg = Release|x86
		{110925AD-08CA-4396-8AC4-D0262FC23AAA}.Release|x86.Build.0 = Release|x86
		{110925AD-08CA-4396-8AC4-D0262FC23AAA}.Release|x86.Deploy.0 = Release|x86
	EndGlobalSection
	GlobalSection(SolutionProperties) = preSolution
		HideSolutionNode = FALSE
	EndGlobalSection
	GlobalSection(ExtensibilityGlobals) = postSolution
		SolutionGuid = {7BC06C37-9740-4078-93B7-B06FC1960406}
	EndGlobalSection
EndGlobal
