
Microsoft Visual Studio Solution File, Format Version 12.00
# Visual Studio Version 17
VisualStudioVersion = 17.14.36202.13
MinimumVisualStudioVersion = 10.0.40219.1
Project("{FAE04EC0-301F-11D3-BF4B-00C04F79EFBC}") = "PowerTools", "PowerTools\PowerTools.csproj", "{3DD5CF08-EB20-44AC-B21F-D84C8034972D}"
EndProject
Project("{FAE04EC0-301F-11D3-BF4B-00C04F79EFBC}") = "PowerToolsShellExtension", "PowerToolsShellExtension\PowerToolsShellExtension.csproj", "{BC46384E-2DAF-42B6-9DE5-EB416A244A39}"
EndProject
Project("{FAE04EC0-301F-11D3-BF4B-00C04F79EFBC}") = "ThemeSwitch", "ThemeSwitch\ThemeSwitch.csproj", "{5D1F9F7F-41C8-4886-9528-C4CF02A10657}"
EndProject
Project("{2150E333-8FDC-42A3-9474-1A3956D46DE8}") = "Configuration", "Configuration", "{32110B9F-B910-416A-8E03-AEAE448E73F5}"
	ProjectSection(SolutionItems) = preProject
		Configuration\Microsoft.WinUI.NET.Markup.Compiler.targets = Configuration\Microsoft.WinUI.NET.Markup.Compiler.targets
		Configuration\UAPXamlFrameworkCompiler.targets = Configuration\UAPXamlFrameworkCompiler.targets
	EndProjectSection
EndProject
Project("{C7167F0D-BC9F-4E6E-AFE1-012C56B48DB5}") = "PowerToolsPackage", "PowerToolsPackage\PowerToolsPackage.wapproj", "{A4522B32-3911-4C8C-BCF7-9ECBCD0196FA}"
EndProject
Global
	GlobalSection(SolutionConfigurationPlatforms) = preSolution
		Debug|ARM64 = Debug|ARM64
		Debug|x64 = Debug|x64
		Debug|x86 = Debug|x86
		Release|ARM64 = Release|ARM64
		Release|x64 = Release|x64
		Release|x86 = Release|x86
	EndGlobalSection
	GlobalSection(ProjectConfigurationPlatforms) = postSolution
		{3DD5CF08-EB20-44AC-B21F-D84C8034972D}.Debug|ARM64.ActiveCfg = Debug|ARM64
		{3DD5CF08-EB20-44AC-B21F-D84C8034972D}.Debug|ARM64.Build.0 = Debug|ARM64
		{3DD5CF08-EB20-44AC-B21F-D84C8034972D}.Debug|x64.ActiveCfg = Debug|x64
		{3DD5CF08-EB20-44AC-B21F-D84C8034972D}.Debug|x64.Build.0 = Debug|x64
		{3DD5CF08-EB20-44AC-B21F-D84C8034972D}.Debug|x86.ActiveCfg = Debug|x86
		{3DD5CF08-EB20-44AC-B21F-D84C8034972D}.Debug|x86.Build.0 = Debug|x86
		{3DD5CF08-EB20-44AC-B21F-D84C8034972D}.Release|ARM64.ActiveCfg = Release|ARM64
		{3DD5CF08-EB20-44AC-B21F-D84C8034972D}.Release|ARM64.Build.0 = Release|ARM64
		{3DD5CF08-EB20-44AC-B21F-D84C8034972D}.Release|x64.ActiveCfg = Release|x64
		{3DD5CF08-EB20-44AC-B21F-D84C8034972D}.Release|x64.Build.0 = Release|x64
		{3DD5CF08-EB20-44AC-B21F-D84C8034972D}.Release|x86.ActiveCfg = Release|x86
		{3DD5CF08-EB20-44AC-B21F-D84C8034972D}.Release|x86.Build.0 = Release|x86
		{BC46384E-2DAF-42B6-9DE5-EB416A244A39}.Debug|ARM64.ActiveCfg = Debug|ARM64
		{BC46384E-2DAF-42B6-9DE5-EB416A244A39}.Debug|ARM64.Build.0 = Debug|ARM64
		{BC46384E-2DAF-42B6-9DE5-EB416A244A39}.Debug|x64.ActiveCfg = Debug|x64
		{BC46384E-2DAF-42B6-9DE5-EB416A244A39}.Debug|x64.Build.0 = Debug|x64
		{BC46384E-2DAF-42B6-9DE5-EB416A244A39}.Debug|x86.ActiveCfg = Debug|x86
		{BC46384E-2DAF-42B6-9DE5-EB416A244A39}.Debug|x86.Build.0 = Debug|x86
		{BC46384E-2DAF-42B6-9DE5-EB416A244A39}.Release|ARM64.ActiveCfg = Release|ARM64
		{BC46384E-2DAF-42B6-9DE5-EB416A244A39}.Release|ARM64.Build.0 = Release|ARM64
		{BC46384E-2DAF-42B6-9DE5-EB416A244A39}.Release|x64.ActiveCfg = Release|x64
		{BC46384E-2DAF-42B6-9DE5-EB416A244A39}.Release|x64.Build.0 = Release|x64
		{BC46384E-2DAF-42B6-9DE5-EB416A244A39}.Release|x86.ActiveCfg = Release|x86
		{BC46384E-2DAF-42B6-9DE5-EB416A244A39}.Release|x86.Build.0 = Release|x86
		{5D1F9F7F-41C8-4886-9528-C4CF02A10657}.Debug|ARM64.ActiveCfg = Debug|ARM64
		{5D1F9F7F-41C8-4886-9528-C4CF02A10657}.Debug|ARM64.Build.0 = Debug|ARM64
		{5D1F9F7F-41C8-4886-9528-C4CF02A10657}.Debug|x64.ActiveCfg = Debug|x64
		{5D1F9F7F-41C8-4886-9528-C4CF02A10657}.Debug|x64.Build.0 = Debug|x64
		{5D1F9F7F-41C8-4886-9528-C4CF02A10657}.Debug|x86.ActiveCfg = Debug|x86
		{5D1F9F7F-41C8-4886-9528-C4CF02A10657}.Debug|x86.Build.0 = Debug|x86
		{5D1F9F7F-41C8-4886-9528-C4CF02A10657}.Release|ARM64.ActiveCfg = Release|ARM64
		{5D1F9F7F-41C8-4886-9528-C4CF02A10657}.Release|ARM64.Build.0 = Release|ARM64
		{5D1F9F7F-41C8-4886-9528-C4CF02A10657}.Release|x64.ActiveCfg = Release|x64
		{5D1F9F7F-41C8-4886-9528-C4CF02A10657}.Release|x64.Build.0 = Release|x64
		{5D1F9F7F-41C8-4886-9528-C4CF02A10657}.Release|x86.ActiveCfg = Release|x86
		{5D1F9F7F-41C8-4886-9528-C4CF02A10657}.Release|x86.Build.0 = Release|x86
		{A4522B32-3911-4C8C-BCF7-9ECBCD0196FA}.Debug|ARM64.ActiveCfg = Debug|ARM64
		{A4522B32-3911-4C8C-BCF7-9ECBCD0196FA}.Debug|ARM64.Build.0 = Debug|ARM64
		{A4522B32-3911-4C8C-BCF7-9ECBCD0196FA}.Debug|ARM64.Deploy.0 = Debug|ARM64
		{A4522B32-3911-4C8C-BCF7-9ECBCD0196FA}.Debug|x64.ActiveCfg = Debug|x64
		{A4522B32-3911-4C8C-BCF7-9ECBCD0196FA}.Debug|x64.Build.0 = Debug|x64
		{A4522B32-3911-4C8C-BCF7-9ECBCD0196FA}.Debug|x64.Deploy.0 = Debug|x64
		{A4522B32-3911-4C8C-BCF7-9ECBCD0196FA}.Debug|x86.ActiveCfg = Debug|x86
		{A4522B32-3911-4C8C-BCF7-9ECBCD0196FA}.Debug|x86.Build.0 = Debug|x86
		{A4522B32-3911-4C8C-BCF7-9ECBCD0196FA}.Debug|x86.Deploy.0 = Debug|x86
		{A4522B32-3911-4C8C-BCF7-9ECBCD0196FA}.Release|ARM64.ActiveCfg = Release|ARM64
		{A4522B32-3911-4C8C-BCF7-9ECBCD0196FA}.Release|ARM64.Build.0 = Release|ARM64
		{A4522B32-3911-4C8C-BCF7-9ECBCD0196FA}.Release|ARM64.Deploy.0 = Release|ARM64
		{A4522B32-3911-4C8C-BCF7-9ECBCD0196FA}.Release|x64.ActiveCfg = Release|x64
		{A4522B32-3911-4C8C-BCF7-9ECBCD0196FA}.Release|x64.Build.0 = Release|x64
		{A4522B32-3911-4C8C-BCF7-9ECBCD0196FA}.Release|x64.Deploy.0 = Release|x64
		{A4522B32-3911-4C8C-BCF7-9ECBCD0196FA}.Release|x86.ActiveCfg = Release|x86
		{A4522B32-3911-4C8C-BCF7-9ECBCD0196FA}.Release|x86.Build.0 = Release|x86
		{A4522B32-3911-4C8C-BCF7-9ECBCD0196FA}.Release|x86.Deploy.0 = Release|x86
	EndGlobalSection
	GlobalSection(SolutionProperties) = preSolution
		HideSolutionNode = FALSE
	EndGlobalSection
	GlobalSection(ExtensibilityGlobals) = postSolution
		SolutionGuid = {38DCF8B0-412D-4493-8C23-52AB1E17784C}
	EndGlobalSection
EndGlobal
