<?xml version="1.0" encoding="utf-8"?>
<Project ToolsVersion="4.0" xmlns="http://schemas.microsoft.com/developer/msbuild/2003">
  <ItemGroup>
    <Page Include="MainPage.xaml" />
    <Page Include="Styles\FontIcon.xaml" />
    <Page Include="FileNamePage.xaml" />
    <Page Include="ExtensionNamePage.xaml" />
    <Page Include="UpperAndLowerCasePage.xaml" />
    <Page Include="FilePropertiesPage.xaml" />
    <Page Include="AboutPage.xaml" />
    <Page Include="SettingsPage.xaml" />
    <Page Include="ExtendedNavigationViewItem.xaml" />
    <Page Include="Styles\NavigationView.xaml" />
    <Page Include="Styles\ContentDialog.xaml" />
    <Page Include="Styles\Expander.xaml" />
    <Page Include="Styles\TextBlock.xaml" />
    <Page Include="RestartAppsDialog.xaml" />
    <Page Include="InstructionsControl.xaml" />
    <Page Include="IntroductionControl.xaml" />
    <Page Include="PrecautionControl.xaml" />
    <Page Include="ReferenceControl.xaml" />
    <Page Include="SettingsHelpControl.xaml" />
    <Page Include="ThanksControl.xaml" />
    <Page Include="Styles\GridView.xaml" />
  </ItemGroup>
  <ItemGroup>
    <Midl Include="App.idl" />
    <Midl Include="Models\Settings\Appearence\ThemeModel.idl" />
    <Midl Include="Models\Settings\Appearence\LanguageModel.idl" />
    <Midl Include="ViewModels\Window\MainViewModel.idl" />
    <Midl Include="Models\Window\NavigationModel.idl" />
    <Midl Include="ViewModels\Pages\SettingsViewModel.idl" />
    <Midl Include="Expander.idl" />
    <Midl Include="ViewModels\Dialogs\Settings\RestartAppsViewModel.idl" />
    <Midl Include="ViewModels\Controls\About\ReferenceViewModel.idl" />
    <Midl Include="Models\About\ReferenceKeyValuePairModel.idl" />
    <Midl Include="ViewModels\Pages\AboutViewModel.idl" />
  </ItemGroup>
  <ItemGroup>
    <ClCompile Include="pch.cpp" />
    <ClCompile Include="$(GeneratedFilesDir)module.g.cpp" />
    <ClCompile Include="WinMain.cpp" />
    <ClCompile Include="Extensions\Command\RelayCommand.cpp" />
    <ClCompile Include="MileWindow.cpp" />
    <ClCompile Include="Helpers\Root\DPICalcHelper.cpp" />
    <ClCompile Include="Services\Root\ResourceService.cpp" />
    <ClCompile Include="Helpers\Root\StringFormatHelper.cpp" />
    <ClCompile Include="Services\Window\NavigationService.cpp" />
    <ClCompile Include="Helpers\Controls\About\CreateDesktopShortcutHelper.cpp" />
  </ItemGroup>
  <ItemGroup>
    <ClInclude Include="pch.h" />
    <ClInclude Include="resource.h" />
    <ClInclude Include="WinMain.h" />
    <ClInclude Include="Extensions\Command\RelayCommand.h" />
    <ClInclude Include="MileWindow.h" />
    <ClInclude Include="Helpers\Root\DPICalcHelper.h" />
    <ClInclude Include="Services\Root\ResourceService.h" />
    <ClInclude Include="Helpers\Root\StringFormatHelper.h" />
    <ClInclude Include="Services\Window\NavigationService.h" />
    <ClInclude Include="Helpers\Controls\About\CreateDesktopShortcutHelper.h" />
  </ItemGroup>
  <ItemGroup>
    <Manifest Include="app.manifest" />
  </ItemGroup>
  <ItemGroup>
    <None Include="PropertySheet.props" />
  </ItemGroup>
  <ItemGroup>
    <ApplicationDefinition Include="App.xaml" />
  </ItemGroup>
  <ItemGroup>
    <ResourceCompile Include="FileRenamer.rc" />
  </ItemGroup>
  <ItemGroup>
    <Image Include="Assets\FileRenamer.ico" />
  </ItemGroup>
  <ItemGroup>
    <PRIResource Include="Strings\en-us\Resources.resw" />
    <PRIResource Include="Strings\zh-hans\Resources.resw" />
    <PRIResource Include="Strings\zh-hans\Window.resw" />
    <PRIResource Include="Strings\en-us\Window.resw" />
    <PRIResource Include="Strings\zh-hans\FileName.resw" />
    <PRIResource Include="Strings\en-us\FileName.resw" />
    <PRIResource Include="Strings\en-us\Settings.resw" />
    <PRIResource Include="Strings\zh-hans\Settings.resw" />
    <PRIResource Include="Strings\zh-hans\Dialog.resw" />
    <PRIResource Include="Strings\en-us\Dialog.resw" />
    <PRIResource Include="Strings\en-us\ExtensionName.resw" />
    <PRIResource Include="Strings\zh-hans\ExtensionName.resw" />
    <PRIResource Include="Strings\zh-hans\UpperAndLowerCase.resw" />
    <PRIResource Include="Strings\en-us\UpperAndLowerCase.resw" />
    <PRIResource Include="Strings\en-us\FileProperties.resw" />
    <PRIResource Include="Strings\zh-hans\FileProperties.resw" />
    <PRIResource Include="Strings\en-us\About.resw" />
    <PRIResource Include="Strings\zh-hans\About.resw" />
  </ItemGroup>
</Project>