<?xml version="1.0" encoding="utf-8"?>
<Project ToolsVersion="4.0" xmlns="http://schemas.microsoft.com/developer/msbuild/2003">
  <ItemGroup>
    <Page Include="MainPage.xaml" />
    <Page Include="Styles\FontIcon.xaml" />
  </ItemGroup>
  <ItemGroup>
    <Midl Include="App.idl" />
    <Midl Include="Models\Settings\Appearence\ThemeModel.idl" />
    <Midl Include="Models\Settings\Appearence\LanguageModel.idl" />
  </ItemGroup>
  <ItemGroup>
    <ClCompile Include="pch.cpp" />
    <ClCompile Include="$(GeneratedFilesDir)module.g.cpp" />
    <ClCompile Include="WinMain.cpp" />
    <ClCompile Include="Extensions\Command\RelayCommand.cpp" />
    <ClCompile Include="MileWindow.cpp" />
    <ClCompile Include="Helpers\Root\DPICalcHelper.cpp" />
    <ClCompile Include="Services\Root\ResourceService.cpp" />
  </ItemGroup>
  <ItemGroup>
    <ClInclude Include="pch.h" />
    <ClInclude Include="resource.h" />
    <ClInclude Include="WinMain.h" />
    <ClInclude Include="Extensions\Command\RelayCommand.h" />
    <ClInclude Include="MileWindow.h" />
    <ClInclude Include="Helpers\Root\DPICalcHelper.h" />
    <ClInclude Include="Services\Root\ResourceService.h" />
  </ItemGroup>
  <ItemGroup>
    <Manifest Include="app.manifest" />
  </ItemGroup>
  <ItemGroup>
    <None Include="PropertySheet.props" />
  </ItemGroup>
  <ItemGroup>
    <ApplicationDefinition Include="App.xaml" />
  </ItemGroup>
  <ItemGroup>
    <ResourceCompile Include="FileRenamer.rc" />
  </ItemGroup>
  <ItemGroup>
    <Image Include="Assets\FileRenamer.ico" />
  </ItemGroup>
  <ItemGroup>
    <PRIResource Include="Strings\en-us\Resources.resw" />
    <PRIResource Include="Strings\zh-hans\Resources.resw" />
  </ItemGroup>
</Project>